{
  "name": "comp2156",
  "version": "1.0.0",
  "lockfileVersion": 3,
  "requires": true,
  "packages": {
    "": {
      "name": "comp2156",
      "version": "1.0.0",
      "license": "ISC",
      "dependencies": {
        "gh-pages": "^2.0.1",
        "react": "^18.2.0",
        "react-dom": "^18.2.0",
        "react-scripts": "5.0.1",
        "travis": "^0.1.1",
        "web-vitals": "^2.1.4",
        "yarn": "^1.13.0"
      }
    }
  }
}